
Microsoft Visual Studio Solution File, Format Version 12.00
# Visual Studio 2015
Project("{FAE04EC0-301F-11D3-BF4B-00C04F79EFBC}") = "Cosmonaut2D.Plugins", "Cosmonaut2D.Plugins.csproj", "{A6FB6DFD-8E3C-B3A5-9546-60F24C2F012B}"
EndProject
Global
	GlobalSection(SolutionConfigurationPlatforms) = preSolution
		Debug|Any CPU = Debug|Any CPU
		Release|Any CPU = Release|Any CPU
	EndGlobalSection
	GlobalSection(ProjectConfigurationPlatforms) = postSolution
		{A6FB6DFD-8E3C-B3A5-9546-60F24C2F012B}.Debug|Any CPU.ActiveCfg = Debug|Any CPU
		{A6FB6DFD-8E3C-B3A5-9546-60F24C2F012B}.Debug|Any CPU.Build.0 = Debug|Any CPU
		{A6FB6DFD-8E3C-B3A5-9546-60F24C2F012B}.Release|Any CPU.ActiveCfg = Release|Any CPU
		{A6FB6DFD-8E3C-B3A5-9546-60F24C2F012B}.Release|Any CPU.Build.0 = Release|Any CPU
	EndGlobalSection
	GlobalSection(SolutionProperties) = preSolution
		HideSolutionNode = FALSE
	EndGlobalSection
EndGlobal
